
Microsoft Visual Studio Solution File, Format Version 12.00
# Visual Studio 15
VisualStudioVersion = 15.0.26430.6
MinimumVisualStudioVersion = 10.0.40219.1
Project("{FAE04EC0-301F-11D3-BF4B-00C04F79EFBC}") = "Kinect_UDP_Sender", "Kinect_UDP_Sender\Kinect_UDP_Sender.csproj", "{9FCD9CE0-B5A5-4072-B649-ABD21610B322}"
EndProject
Project("{9A19103F-16F7-4668-BE54-9A1E7A4F7556}") = "UDP_Connection", "..\..\..\..\GitHub\phib\C sharp\UDP_Connection.csproj", "{6E3B45F2-E57F-42E8-A493-D2DD8131BA51}"
EndProject
Project("{FAE04EC0-301F-11D3-BF4B-00C04F79EFBC}") = "KinectSkeleton", "..\..\..\..\GitHub\phib\KinectSkeleton\KinectSkeleton.csproj", "{96343F3C-8ECB-4E1C-90F2-BC8AFEADB6CF}"
EndProject
Global
	GlobalSection(SolutionConfigurationPlatforms) = preSolution
		Debug|Any CPU = Debug|Any CPU
		Release|Any CPU = Release|Any CPU
	EndGlobalSection
	GlobalSection(ProjectConfigurationPlatforms) = postSolution
		{9FCD9CE0-B5A5-4072-B649-ABD21610B322}.Debug|Any CPU.ActiveCfg = Debug|Any CPU
		{9FCD9CE0-B5A5-4072-B649-ABD21610B322}.Debug|Any CPU.Build.0 = Debug|Any CPU
		{9FCD9CE0-B5A5-4072-B649-ABD21610B322}.Release|Any CPU.ActiveCfg = Release|Any CPU
		{9FCD9CE0-B5A5-4072-B649-ABD21610B322}.Release|Any CPU.Build.0 = Release|Any CPU
		{6E3B45F2-E57F-42E8-A493-D2DD8131BA51}.Debug|Any CPU.ActiveCfg = Debug|Any CPU
		{6E3B45F2-E57F-42E8-A493-D2DD8131BA51}.Debug|Any CPU.Build.0 = Debug|Any CPU
		{6E3B45F2-E57F-42E8-A493-D2DD8131BA51}.Release|Any CPU.ActiveCfg = Release|Any CPU
		{6E3B45F2-E57F-42E8-A493-D2DD8131BA51}.Release|Any CPU.Build.0 = Release|Any CPU
		{96343F3C-8ECB-4E1C-90F2-BC8AFEADB6CF}.Debug|Any CPU.ActiveCfg = Debug|Any CPU
		{96343F3C-8ECB-4E1C-90F2-BC8AFEADB6CF}.Debug|Any CPU.Build.0 = Debug|Any CPU
		{96343F3C-8ECB-4E1C-90F2-BC8AFEADB6CF}.Release|Any CPU.ActiveCfg = Release|Any CPU
		{96343F3C-8ECB-4E1C-90F2-BC8AFEADB6CF}.Release|Any CPU.Build.0 = Release|Any CPU
	EndGlobalSection
	GlobalSection(SolutionProperties) = preSolution
		HideSolutionNode = FALSE
	EndGlobalSection
EndGlobal
